
Microsoft Visual Studio Solution File, Format Version 12.00
# Visual Studio Version 16
VisualStudioVersion = 16.0.29519.181
MinimumVisualStudioVersion = 10.0.40219.1
Project("{9A19103F-16F7-4668-BE54-9A1E7A4F7556}") = "SchoolManagementSystem", "StudentManagementSystem\SchoolManagementSystem.csproj", "{778BF024-71A7-43A4-917C-98B4A996BA93}"
EndProject
Global
	GlobalSection(SolutionConfigurationPlatforms) = preSolution
		Debug|Any CPU = Debug|Any CPU
		Release|Any CPU = Release|Any CPU
	EndGlobalSection
	GlobalSection(ProjectConfigurationPlatforms) = postSolution
		{778BF024-71A7-43A4-917C-98B4A996BA93}.Debug|Any CPU.ActiveCfg = Debug|Any CPU
		{778BF024-71A7-43A4-917C-98B4A996BA93}.Debug|Any CPU.Build.0 = Debug|Any CPU
		{778BF024-71A7-43A4-917C-98B4A996BA93}.Release|Any CPU.ActiveCfg = Release|Any CPU
		{778BF024-71A7-43A4-917C-98B4A996BA93}.Release|Any CPU.Build.0 = Release|Any CPU
	EndGlobalSection
	GlobalSection(SolutionProperties) = preSolution
		HideSolutionNode = FALSE
	EndGlobalSection
	GlobalSection(ExtensibilityGlobals) = postSolution
		SolutionGuid = {78DDAA0F-E6F5-419D-9C0F-40295D2906DC}
	EndGlobalSection
EndGlobal
